# THIS IS AN AUTOGENERATED FILE. DO NOT EDIT THIS FILE DIRECTLY.
# yarn lockfile v1


"@napi-rs/triples@^1.0.3":
  version "1.0.3"
  resolved "https://registry.yarnpkg.com/@napi-rs/triples/-/triples-1.0.3.tgz#76d6d0c3f4d16013c61e45dfca5ff1e6c31ae53c"
  integrity sha512-jDJTpta+P4p1NZTFVLHJ/TLFVYVcOqv6l8xwOeBKNPMgY/zDYH/YH7SJbvrr/h1RcS9GzbPcLKGzpuK9cV56UA==

"@node-rs/helper@^1.0.0":
  version "1.2.1"
  resolved "https://registry.yarnpkg.com/@node-rs/helper/-/helper-1.2.1.tgz#e079b05f21ff4329d82c4e1f71c0290e4ecdc70c"
  integrity sha512-R5wEmm8nbuQU0YGGmYVjEc0OHtYsuXdpRG+Ut/3wZ9XAvQWyThN08bTh2cBJgoZxHQUPtvRfeQuxcAgLuiBISg==
  dependencies:
    "@napi-rs/triples" "^1.0.3"

"@swc-node/core@^1.7.1":
  version "1.7.1"
  resolved "https://registry.yarnpkg.com/@swc-node/core/-/core-1.7.1.tgz#05e45051ccd975b25ddd0cf62db477e6a2e4ee4b"
  integrity sha512-m/21f7irvu+/P3Lqz2qEJVUf10vqqMp/4sUtxxn7tVjqKwTWPJF7DbZGsaEcWXLC9UxFdw7hLrNY61OL7hJNSA==
  dependencies:
    "@swc/core" "^1.2.104"

"@swc-node/register@^1.3.7":
  version "1.3.7"
  resolved "https://registry.yarnpkg.com/@swc-node/register/-/register-1.3.7.tgz#381a811f2297d6b03b9c50a5f35a965a62d91a86"
  integrity sha512-rgnTtKkXkwH0xPTi/FG1mgZzNM7Isw1/jPHRLm3Mc3yfAcDOJ/L7pzOt12TQMg71oqj5tCvDvXynWhjrBQTtdg==
  dependencies:
    "@swc-node/core" "^1.7.1"
    "@swc-node/sourcemap-support" "^0.1.10"
    chalk "^4.1.2"
    debug "^4.3.2"
    pirates "^4.0.1"
    tslib "^2.3.1"
    typescript "^4.4.4"

"@swc-node/sourcemap-support@^0.1.10":
  version "0.1.10"
  resolved "https://registry.yarnpkg.com/@swc-node/sourcemap-support/-/sourcemap-support-0.1.10.tgz#85b9b3951a0581dd2493333a956f92260c982b66"
  integrity sha512-t+AhsxpSYxqQfrFJ8LMSXvJ4qMjTyVMFJ1bcmebo3fbmIGOjyev9uUToOsItocxNFIYcbO3NfbzwlD2YCQwv7w==
  dependencies:
    source-map-support "^0.5.20"

"@swc/core-android-arm64@^1.2.106":
  version "1.2.106"
  resolved "https://registry.yarnpkg.com/@swc/core-android-arm64/-/core-android-arm64-1.2.106.tgz#86fb16a40d112502051252dfa29c8482b341ce36"
  integrity sha512-F5T6kP3yV9S0/oXyco305QaAyE6rLNsNSdR0QI4CtACwKadiPwTOptwNIDCiTNLNgWlWLQmIRkPpxg+G4doT6Q==

"@swc/core-darwin-arm64@^1.2.106":
  version "1.2.106"
  resolved "https://registry.yarnpkg.com/@swc/core-darwin-arm64/-/core-darwin-arm64-1.2.106.tgz#02a9ce94fee6d7f8a81a94233e4c455d55273fed"
  integrity sha512-bgKzzYLFnc+mv2mDS/DLwzBvx5DCC9ZCKYY46b4dAnBfasr+SMHj+v/WI84HtilbjLBMUfYZ2hgYKls3CebIIQ==

"@swc/core-darwin-x64@^1.2.106":
  version "1.2.106"
  resolved "https://registry.yarnpkg.com/@swc/core-darwin-x64/-/core-darwin-x64-1.2.106.tgz#72448061266e9fb44427898bd13154ec3b63ebba"
  integrity sha512-I5Uhit5RqbXaMIV2+v9jL+MIQeR3lT1DqVwzxZs1bTARclAheFZQpTmg+h6QmichjCiUT74SXQb6Apc/vqYKog==

"@swc/core-freebsd-x64@^1.2.106":
  version "1.2.106"
  resolved "https://registry.yarnpkg.com/@swc/core-freebsd-x64/-/core-freebsd-x64-1.2.106.tgz#070ec3ab798009ac14a18c692ede1542b5640ef1"
  integrity sha512-ZSK3vgzbA2Pkpw2LgHlAkUdx4okIpdXXTbLXuc5jkZMw1KhRWpeQaDlwbrN7XVynAYjkj2qgGQ7wv1tD43vQig==

"@swc/core-linux-arm-gnueabihf@^1.2.106":
  version "1.2.106"
  resolved "https://registry.yarnpkg.com/@swc/core-linux-arm-gnueabihf/-/core-linux-arm-gnueabihf-1.2.106.tgz#a94a29bfe81425c6f90a27d5977e58cb469db0a0"
  integrity sha512-WZh6XV8cQ9Fh3IQNX9z87Tv68+sLtfnT51ghMQxceRhfvc5gIaYW+PCppezDDdlPJnWXhybGWNPAl5SHppWb2g==

"@swc/core-linux-arm64-gnu@^1.2.106":
  version "1.2.106"
  resolved "https://registry.yarnpkg.com/@swc/core-linux-arm64-gnu/-/core-linux-arm64-gnu-1.2.106.tgz#6ec685cd37ab3655dbc8eb07a38df6d9532ac32c"
  integrity sha512-OSI9VUWPsRrCbUlRQ4KdYqdwV63VYBC5ahSNq+72DXhtRwVbLSFuF7MNsnXgUSMHidxbc0No3/bPPamshqHdsQ==

"@swc/core-linux-arm64-musl@^1.2.106":
  version "1.2.106"
  resolved "https://registry.yarnpkg.com/@swc/core-linux-arm64-musl/-/core-linux-arm64-musl-1.2.106.tgz#805841ab7bcca134a2712fb1084c09338ef61168"
  integrity sha512-de8AAUOP8D2/tZIpQ399xw+pGGKlR1+l5Jmy4lW7ixarEI4xKkBSF4bS9eXtC1jckmenzrLPiK/5sSbQSf6BWQ==

"@swc/core-linux-x64-gnu@^1.2.106":
  version "1.2.106"
  resolved "https://registry.yarnpkg.com/@swc/core-linux-x64-gnu/-/core-linux-x64-gnu-1.2.106.tgz#d403dfce5d31dafd5d87491ce80ed603545e4864"
  integrity sha512-QzFC7+lBSuVBmX5tS2pdM+74voiJcGgIMJ+x9pcjUu3GkDl3ow6WC6ta2WUzlgGopCGNp6IdZaFemKRzjLr3lw==

"@swc/core-linux-x64-musl@^1.2.106":
  version "1.2.106"
  resolved "https://registry.yarnpkg.com/@swc/core-linux-x64-musl/-/core-linux-x64-musl-1.2.106.tgz#0fce602e60cf1c9d9e72d33083dda18b963b3b6d"
  integrity sha512-QZ1gFqNiCJefkNMihbmYc7nr5stERyjoQpWgAIN6dzrgMUzRHXHGDRl/p1qsXW2VKos+okSdLwPFEmRT94H+1A==

"@swc/core-win32-arm64-msvc@^1.2.106":
  version "1.2.106"
  resolved "https://registry.yarnpkg.com/@swc/core-win32-arm64-msvc/-/core-win32-arm64-msvc-1.2.106.tgz#c0e6f5b38a6eac8a5ce438492f23c4ffc47f326f"
  integrity sha512-MbuQwk+s43bfBNnAZTKnoQlfo4UPSOsy6t9F15yU4P3rVUuFtcxdZg6CpDnUqNPbojILXujp8z4SSigRYh5cgg==

"@swc/core-win32-ia32-msvc@^1.2.106":
  version "1.2.106"
  resolved "https://registry.yarnpkg.com/@swc/core-win32-ia32-msvc/-/core-win32-ia32-msvc-1.2.106.tgz#5cf4a824a5bc3cfa6346733a3407e423c1920020"
  integrity sha512-BFxWpcPxsG2LLQZ+8K8ma45rbTckjpPbnvOOhybQ0hEhLgoVzMVPp3RIUGmC+RMZe6DkGSaEQf/Rjn2cbMdQhw==

"@swc/core-win32-x64-msvc@^1.2.106":
  version "1.2.106"
  resolved "https://registry.yarnpkg.com/@swc/core-win32-x64-msvc/-/core-win32-x64-msvc-1.2.106.tgz#237d699d25944538fda57dd879478f2cc7835827"
  integrity sha512-Emn5akqApGXzPsA7ntSXEohL0AH0WjQMHy6mT3MS9Yil42yTJ96dJGf68ejKVptxwg7Iz798mT+J9r1JbAFBgg==

"@swc/core@^1.2.104":
  version "1.2.106"
  resolved "https://registry.yarnpkg.com/@swc/core/-/core-1.2.106.tgz#d1ae8d5745b6b37fcc5c076e433eb31312c81372"
  integrity sha512-9uw8gqU+lsk7KROAcSNhsrnBgNiC5H4MIaps5LlnnEevJmKu/o1ws22tXc2qjJg+F4/V1ynUbh8E0rYlmo1XGw==
  dependencies:
    "@node-rs/helper" "^1.0.0"
  optionalDependencies:
    "@swc/core-android-arm64" "^1.2.106"
    "@swc/core-darwin-arm64" "^1.2.106"
    "@swc/core-darwin-x64" "^1.2.106"
    "@swc/core-freebsd-x64" "^1.2.106"
    "@swc/core-linux-arm-gnueabihf" "^1.2.106"
    "@swc/core-linux-arm64-gnu" "^1.2.106"
    "@swc/core-linux-arm64-musl" "^1.2.106"
    "@swc/core-linux-x64-gnu" "^1.2.106"
    "@swc/core-linux-x64-musl" "^1.2.106"
    "@swc/core-win32-arm64-msvc" "^1.2.106"
    "@swc/core-win32-ia32-msvc" "^1.2.106"
    "@swc/core-win32-x64-msvc" "^1.2.106"

ansi-styles@^4.1.0:
  version "4.3.0"
  resolved "https://registry.yarnpkg.com/ansi-styles/-/ansi-styles-4.3.0.tgz#edd803628ae71c04c85ae7a0906edad34b648937"
  integrity sha512-zbB9rCJAT1rbjiVDb2hqKFHNYLxgtk8NURxZ3IZwD3F6NtxbXZQCnnSi1Lkx+IDohdPlFp222wVALIheZJQSEg==
  dependencies:
    color-convert "^2.0.1"

buffer-from@^1.0.0:
  version "1.1.2"
  resolved "https://registry.yarnpkg.com/buffer-from/-/buffer-from-1.1.2.tgz#2b146a6fd72e80b4f55d255f35ed59a3a9a41bd5"
  integrity sha512-E+XQCRwSbaaiChtv6k6Dwgc+bx+Bs6vuKJHHl5kox/BaKbhiXzqQOwK4cO22yElGp2OCmjwVhT3HmxgyPGnJfQ==

chalk@^4.1.2:
  version "4.1.2"
  resolved "https://registry.yarnpkg.com/chalk/-/chalk-4.1.2.tgz#aac4e2b7734a740867aeb16bf02aad556a1e7a01"
  integrity sha512-oKnbhFyRIXpUuez8iBMmyEa4nbj4IOQyuhc/wy9kY7/WVPcwIO9VA668Pu8RkO7+0G76SLROeyw9CpQ061i4mA==
  dependencies:
    ansi-styles "^4.1.0"
    supports-color "^7.1.0"

color-convert@^2.0.1:
  version "2.0.1"
  resolved "https://registry.yarnpkg.com/color-convert/-/color-convert-2.0.1.tgz#72d3a68d598c9bdb3af2ad1e84f21d896abd4de3"
  integrity sha512-RRECPsj7iu/xb5oKYcsFHSppFNnsj/52OVTRKb4zP5onXwVF3zVmmToNcOfGC+CRDpfK/U584fMg38ZHCaElKQ==
  dependencies:
    color-name "~1.1.4"

color-name@~1.1.4:
  version "1.1.4"
  resolved "https://registry.yarnpkg.com/color-name/-/color-name-1.1.4.tgz#c2a09a87acbde69543de6f63fa3995c826c536a2"
  integrity sha512-dOy+3AuW3a2wNbZHIuMZpTcgjGuLU/uBL/ubcZF9OXbDo8ff4O8yVp5Bf0efS8uEoYo5q4Fx7dY9OgQGXgAsQA==

cross-spawn@^7.0.3:
  version "7.0.3"
  resolved "https://registry.yarnpkg.com/cross-spawn/-/cross-spawn-7.0.3.tgz#f73a85b9d5d41d045551c177e2882d4ac85728a6"
  integrity sha512-iRDPJKUPVEND7dHPO8rkbOnPpyDygcDFtWjpeWNCgy8WP2rXcxXL8TskReQl6OrB2G7+UJrags1q15Fudc7G6w==
  dependencies:
    path-key "^3.1.0"
    shebang-command "^2.0.0"
    which "^2.0.1"

debug@^4.3.2:
  version "4.3.2"
  resolved "https://registry.yarnpkg.com/debug/-/debug-4.3.2.tgz#f0a49c18ac8779e31d4a0c6029dfb76873c7428b"
  integrity sha512-mOp8wKcvj7XxC78zLgw/ZA+6TSgkoE2C/ienthhRD298T7UNwAg9diBpLRxC0mOezLl4B0xV7M0cCO6P/O0Xhw==
  dependencies:
    ms "2.1.2"

has-flag@^4.0.0:
  version "4.0.0"
  resolved "https://registry.yarnpkg.com/has-flag/-/has-flag-4.0.0.tgz#944771fd9c81c81265c4d6941860da06bb59479b"
  integrity sha512-EykJT/Q1KjTWctppgIAgfSO0tKVuZUjhgMr17kqTumMl6Afv3EISleU7qZUzoXDFTAHTDC4NOoG/ZxU3EvlMPQ==

isexe@^2.0.0:
  version "2.0.0"
  resolved "https://registry.yarnpkg.com/isexe/-/isexe-2.0.0.tgz#e8fbf374dc556ff8947a10dcb0572d633f2cfa10"
  integrity sha1-6PvzdNxVb/iUehDcsFctYz8s+hA=

ms@2.1.2:
  version "2.1.2"
  resolved "https://registry.yarnpkg.com/ms/-/ms-2.1.2.tgz#d09d1f357b443f493382a8eb3ccd183872ae6009"
  integrity sha512-sGkPx+VjMtmA6MX27oA4FBFELFCZZ4S4XqeGOXCv68tT+jb3vk/RyaKWP0PTKyWtmLSM0b+adUTEvbs1PEaH2w==

node-modules-regexp@^1.0.0:
  version "1.0.0"
  resolved "https://registry.yarnpkg.com/node-modules-regexp/-/node-modules-regexp-1.0.0.tgz#8d9dbe28964a4ac5712e9131642107c71e90ec40"
  integrity sha1-jZ2+KJZKSsVxLpExZCEHxx6Q7EA=

path-key@^3.1.0:
  version "3.1.1"
  resolved "https://registry.yarnpkg.com/path-key/-/path-key-3.1.1.tgz#581f6ade658cbba65a0d3380de7753295054f375"
  integrity sha512-ojmeN0qd+y0jszEtoY48r0Peq5dwMEkIlCOu6Q5f41lfkswXuKtYrhgoTpLnyIcHm24Uhqx+5Tqm2InSwLhE6Q==

pirates@^4.0.1:
  version "4.0.1"
  resolved "https://registry.yarnpkg.com/pirates/-/pirates-4.0.1.tgz#643a92caf894566f91b2b986d2c66950a8e2fb87"
  integrity sha512-WuNqLTbMI3tmfef2TKxlQmAiLHKtFhlsCZnPIpuv2Ow0RDVO8lfy1Opf4NUzlMXLjPl+Men7AuVdX6TA+s+uGA==
  dependencies:
    node-modules-regexp "^1.0.0"

shebang-command@^2.0.0:
  version "2.0.0"
  resolved "https://registry.yarnpkg.com/shebang-command/-/shebang-command-2.0.0.tgz#ccd0af4f8835fbdc265b82461aaf0c36663f34ea"
  integrity sha512-kHxr2zZpYtdmrN1qDjrrX/Z1rR1kG8Dx+gkpK1G4eXmvXswmcE1hTWBWYUzlraYw1/yZp6YuDY77YtvbN0dmDA==
  dependencies:
    shebang-regex "^3.0.0"

shebang-regex@^3.0.0:
  version "3.0.0"
  resolved "https://registry.yarnpkg.com/shebang-regex/-/shebang-regex-3.0.0.tgz#ae16f1644d873ecad843b0307b143362d4c42172"
  integrity sha512-7++dFhtcx3353uBaq8DDR4NuxBetBzC7ZQOhmTQInHEd6bSrXdiEyzCvG07Z44UYdLShWUyXt5M/yhz8ekcb1A==

source-map-support@^0.5.20:
  version "0.5.20"
  resolved "https://registry.yarnpkg.com/source-map-support/-/source-map-support-0.5.20.tgz#12166089f8f5e5e8c56926b377633392dd2cb6c9"
  integrity sha512-n1lZZ8Ve4ksRqizaBQgxXDgKwttHDhyfQjA6YZZn8+AroHbsIz+JjwxQDxbp+7y5OYCI8t1Yk7etjD9CRd2hIw==
  dependencies:
    buffer-from "^1.0.0"
    source-map "^0.6.0"

source-map@^0.6.0:
  version "0.6.1"
  resolved "https://registry.yarnpkg.com/source-map/-/source-map-0.6.1.tgz#74722af32e9614e9c287a8d0bbde48b5e2f1a263"
  integrity sha512-UjgapumWlbMhkBgzT7Ykc5YXUT46F0iKu8SGXq0bcwP5dz/h0Plj6enJqjz1Zbq2l5WaqYnrVbwWOWMyF3F47g==

supports-color@^7.1.0:
  version "7.2.0"
  resolved "https://registry.yarnpkg.com/supports-color/-/supports-color-7.2.0.tgz#1b7dcdcb32b8138801b3e478ba6a51caa89648da"
  integrity sha512-qpCAvRl9stuOHveKsn7HncJRvv501qIacKzQlO/+Lwxc9+0q2wLyv4Dfvt80/DPn2pqOBsJdDiogXGR9+OvwRw==
  dependencies:
    has-flag "^4.0.0"

tslib@^2.3.1:
  version "2.3.1"
  resolved "https://registry.yarnpkg.com/tslib/-/tslib-2.3.1.tgz#e8a335add5ceae51aa261d32a490158ef042ef01"
  integrity sha512-77EbyPPpMz+FRFRuAFlWMtmgUWGe9UOG2Z25NqCwiIjRhOf5iKGuzSe5P2w1laq+FkRy4p+PCuVkJSGkzTEKVw==

typescript@^4.4.4:
  version "4.4.4"
  resolved "https://registry.yarnpkg.com/typescript/-/typescript-4.4.4.tgz#2cd01a1a1f160704d3101fd5a58ff0f9fcb8030c"
  integrity sha512-DqGhF5IKoBl8WNf8C1gu8q0xZSInh9j1kJJMqT3a94w1JzVaBU4EXOSMrz9yDqMT0xt3selp83fuFMQ0uzv6qA==

which@^2.0.1:
  version "2.0.2"
  resolved "https://registry.yarnpkg.com/which/-/which-2.0.2.tgz#7c6a8dd0a636a0327e10b59c9286eee93f3f51b1"
  integrity sha512-BLI3Tl1TW3Pvl70l3yq3Y64i+awpwXqsGBYWkkqMtnbXgrMD+yj7rhW0kuEDxzJaYXGjEW5ogapKNMEKNMjibA==
  dependencies:
    isexe "^2.0.0"
